
Microsoft Visual Studio Solution File, Format Version 12.00
# Visual Studio Version 17
VisualStudioVersion = 17.14.37216.2 d17.14
MinimumVisualStudioVersion = 10.0.40219.1
Project("{FAE04EC0-301F-11D3-BF4B-00C04F79EFBC}") = "RestaurantSystem.API", "RestaurantSystem.API\RestaurantSystem.API.csproj", "{1952A3E3-57E7-4CFA-B1C9-FD46DEBC52C1}"
EndProject
Global
	GlobalSection(SolutionConfigurationPlatforms) = preSolution
		Debug|Any CPU = Debug|Any CPU
		Release|Any CPU = Release|Any CPU
	EndGlobalSection
	GlobalSection(ProjectConfigurationPlatforms) = postSolution
		{1952A3E3-57E7-4CFA-B1C9-FD46DEBC52C1}.Debug|Any CPU.ActiveCfg = Debug|Any CPU
		{1952A3E3-57E7-4CFA-B1C9-FD46DEBC52C1}.Debug|Any CPU.Build.0 = Debug|Any CPU
		{1952A3E3-57E7-4CFA-B1C9-FD46DEBC52C1}.Release|Any CPU.ActiveCfg = Release|Any CPU
		{1952A3E3-57E7-4CFA-B1C9-FD46DEBC52C1}.Release|Any CPU.Build.0 = Release|Any CPU
	EndGlobalSection
	GlobalSection(SolutionProperties) = preSolution
		HideSolutionNode = FALSE
	EndGlobalSection
	GlobalSection(ExtensibilityGlobals) = postSolution
		SolutionGuid = {03769A9A-A2E0-437C-B047-6BD790D6C177}
	EndGlobalSection
EndGlobal
